
Microsoft Visual Studio Solution File, Format Version 12.00
# Visual Studio Version 16
VisualStudioVersion = 16.0.31205.134
MinimumVisualStudioVersion = 10.0.40219.1
Project("{FAE04EC0-301F-11D3-BF4B-00C04F79EFBC}") = "IfKomutu", "IfKomutu\IfKomutu.csproj", "{90D17FBA-9612-46D2-806B-2C3F5149CDAE}"
EndProject
Global
	GlobalSection(SolutionConfigurationPlatforms) = preSolution
		Debug|Any CPU = Debug|Any CPU
		Release|Any CPU = Release|Any CPU
	EndGlobalSection
	GlobalSection(ProjectConfigurationPlatforms) = postSolution
		{90D17FBA-9612-46D2-806B-2C3F5149CDAE}.Debug|Any CPU.ActiveCfg = Debug|Any CPU
		{90D17FBA-9612-46D2-806B-2C3F5149CDAE}.Debug|Any CPU.Build.0 = Debug|Any CPU
		{90D17FBA-9612-46D2-806B-2C3F5149CDAE}.Release|Any CPU.ActiveCfg = Release|Any CPU
		{90D17FBA-9612-46D2-806B-2C3F5149CDAE}.Release|Any CPU.Build.0 = Release|Any CPU
	EndGlobalSection
	GlobalSection(SolutionProperties) = preSolution
		HideSolutionNode = FALSE
	EndGlobalSection
	GlobalSection(ExtensibilityGlobals) = postSolution
		SolutionGuid = {5053EDD6-A21D-4B9D-8C89-17079B58F33C}
	EndGlobalSection
EndGlobal
